{
  "name": "buoyancy",
  "version": "2.0.2",
  "lockfileVersion": 1,
  "requires": true,
  "dependencies": {
    "bel": {
      "version": "https://registry.npmjs.org/bel/-/bel-4.6.0.tgz",
      "integrity": "sha1-Ot4W4jarIgTY0cZurEvVc3k6yZk=",
      "requires": {
        "global": "4.3.2",
        "hyperx": "https://registry.npmjs.org/hyperx/-/hyperx-2.3.0.tgz",
        "on-load": "https://registry.npmjs.org/on-load/-/on-load-3.2.0.tgz"
      }
    },
    "deep-equal": {
      "version": "1.0.1",
      "resolved": "https://registry.npmjs.org/deep-equal/-/deep-equal-1.0.1.tgz",
      "integrity": "sha1-9dJgKStmDghO/0zbyfCK0yR0SLU="
    },
    "depd": {
      "version": "1.1.0",
      "resolved": "https://registry.npmjs.org/depd/-/depd-1.1.0.tgz",
      "integrity": "sha1-4b2Cxqq2ztlluXuIsX7T5SjKGMM="
    },
    "document-ready": {
      "version": "2.0.1",
      "resolved": "https://registry.npmjs.org/document-ready/-/document-ready-2.0.1.tgz",
      "integrity": "sha1-PjvzHTI1uU4jLnssX6GmNOhzuuQ="
    },
    "dom-walk": {
      "version": "0.1.1",
      "resolved": "https://registry.npmjs.org/dom-walk/-/dom-walk-0.1.1.tgz",
      "integrity": "sha1-ZyIm3HTI95mtNTB9+TaroRrNYBg="
    },
    "flatten": {
      "version": "0.0.1",
      "resolved": "https://registry.npmjs.org/flatten/-/flatten-0.0.1.tgz",
      "integrity": "sha1-VURAdm2goNYDmZ9DNFP2wvxqdcE="
    },
    "global": {
      "version": "4.3.2",
      "resolved": "https://registry.npmjs.org/global/-/global-4.3.2.tgz",
      "integrity": "sha1-52mJJopsdMOJCLEwWxD8DjlOnQ8=",
      "requires": {
        "min-document": "2.19.0",
        "process": "0.5.2"
      }
    },
    "http-assert": {
      "version": "1.3.0",
      "resolved": "https://registry.npmjs.org/http-assert/-/http-assert-1.3.0.tgz",
      "integrity": "sha1-oxpc+IyHPsu1eWkH1NbxMujAHko=",
      "requires": {
        "deep-equal": "1.0.1",
        "http-errors": "1.6.1"
      }
    },
    "http-errors": {
      "version": "1.6.1",
      "resolved": "https://registry.npmjs.org/http-errors/-/http-errors-1.6.1.tgz",
      "integrity": "sha1-X4uO2YrKVFZWv1cplzh/kEpyIlc=",
      "requires": {
        "depd": "1.1.0",
        "inherits": "2.0.3",
        "setprototypeof": "1.0.3",
        "statuses": "1.3.1"
      }
    },
    "hyperscript-attribute-to-property": {
      "version": "https://registry.npmjs.org/hyperscript-attribute-to-property/-/hyperscript-attribute-to-property-1.0.0.tgz",
      "integrity": "sha1-glMI1Ju44pV5I/cxmBvMgRytev8="
    },
    "hyperx": {
      "version": "https://registry.npmjs.org/hyperx/-/hyperx-2.3.0.tgz",
      "integrity": "sha1-cPRz1m1K1VDd0cg+S+JlEna78eI=",
      "requires": {
        "hyperscript-attribute-to-property": "https://registry.npmjs.org/hyperscript-attribute-to-property/-/hyperscript-attribute-to-property-1.0.0.tgz"
      }
    },
    "inherits": {
      "version": "2.0.3",
      "resolved": "https://registry.npmjs.org/inherits/-/inherits-2.0.3.tgz",
      "integrity": "sha1-Yzwsg+PaQqUC9SRmAiSA9CCCYd4="
    },
    "min-document": {
      "version": "2.19.0",
      "resolved": "https://registry.npmjs.org/min-document/-/min-document-2.19.0.tgz",
      "integrity": "sha1-e9KC4/WELtKVu3SM3Z8f+iyCRoU=",
      "requires": {
        "dom-walk": "0.1.1"
      }
    },
    "morphdom": {
      "version": "https://registry.npmjs.org/morphdom/-/morphdom-2.3.3.tgz",
      "integrity": "sha1-cLCuw9sIMmiPf8veKokhz1CMTxY="
    },
    "namespace-emitter": {
      "version": "https://registry.npmjs.org/namespace-emitter/-/namespace-emitter-1.0.0.tgz",
      "integrity": "sha1-G/OnuKQMd1BwJfMwmgQ6vr9cPY8="
    },
    "nanohref": {
      "version": "https://registry.npmjs.org/nanohref/-/nanohref-3.0.0.tgz",
      "integrity": "sha1-wysD4KJY+1/pELtqT+yoESC5RHI="
    },
    "on-load": {
      "version": "https://registry.npmjs.org/on-load/-/on-load-3.2.0.tgz",
      "integrity": "sha1-3TFF06XC+qVmaSDR32dLafDC9m8=",
      "requires": {
        "global": "4.3.2"
      }
    },
    "process": {
      "version": "0.5.2",
      "resolved": "https://registry.npmjs.org/process/-/process-0.5.2.tgz",
      "integrity": "sha1-FjjYqONML0QKkduVq5rrZ3/Bhc8="
    },
    "routington": {
      "version": "1.0.3",
      "resolved": "https://registry.npmjs.org/routington/-/routington-1.0.3.tgz",
      "integrity": "sha1-vVTL+Zv6a8kwkxLjjV6hQO4PQhw=",
      "requires": {
        "flatten": "0.0.1",
        "http-assert": "1.3.0"
      }
    },
    "setprototypeof": {
      "version": "1.0.3",
      "resolved": "https://registry.npmjs.org/setprototypeof/-/setprototypeof-1.0.3.tgz",
      "integrity": "sha1-ZlZ+NwQ+608E2RvWWMDL77VbjgQ="
    },
    "statuses": {
      "version": "1.3.1",
      "resolved": "https://registry.npmjs.org/statuses/-/statuses-1.3.1.tgz",
      "integrity": "sha1-+vUbnrdKrvOzrPStX2Gr8ky3uT4="
    },
    "xtend": {
      "version": "https://registry.npmjs.org/xtend/-/xtend-4.0.1.tgz",
      "integrity": "sha1-pcbVMr5lbiPbgg77lDofBJmNY68="
    },
    "yo-yo": {
      "version": "https://registry.npmjs.org/yo-yo/-/yo-yo-1.4.1.tgz",
      "integrity": "sha1-nOSwD9iA5VM7Xn9GqT1o2RStb2Q=",
      "requires": {
        "bel": "https://registry.npmjs.org/bel/-/bel-4.6.0.tgz",
        "morphdom": "https://registry.npmjs.org/morphdom/-/morphdom-2.3.3.tgz"
      }
    }
  }
}
